
Microsoft Visual Studio Solution File, Format Version 12.00
# Visual Studio Version 17
VisualStudioVersion = 17.0.31903.59
MinimumVisualStudioVersion = 10.0.40219.1
Project("{2150E333-8FDC-42A3-9474-1A3956D46DE8}") = "src", "src", "{DEB4F650-2277-46C3-B266-2E22EAC61C38}"
EndProject
Project("{FAE04EC0-301F-11D3-BF4B-00C04F79EFBC}") = "Shared", "src\Shared\Shared.csproj", "{DF0F888F-70D0-4690-BFED-67259413E560}"
EndProject
Project("{2150E333-8FDC-42A3-9474-1A3956D46DE8}") = "tests", "tests", "{F4098CF3-BAEA-4591-BC9E-60EE8D11DAC2}"
EndProject
Project("{FAE04EC0-301F-11D3-BF4B-00C04F79EFBC}") = "Shared.Test", "tests\Shared.Test\Shared.Test.csproj", "{7284E927-5629-454B-95BF-ABF14B38527C}"
EndProject
Global
	GlobalSection(SolutionConfigurationPlatforms) = preSolution
		Debug|Any CPU = Debug|Any CPU
		Release|Any CPU = Release|Any CPU
	EndGlobalSection
	GlobalSection(SolutionProperties) = preSolution
		HideSolutionNode = FALSE
	EndGlobalSection
	GlobalSection(ProjectConfigurationPlatforms) = postSolution
		{DF0F888F-70D0-4690-BFED-67259413E560}.Debug|Any CPU.ActiveCfg = Debug|Any CPU
		{DF0F888F-70D0-4690-BFED-67259413E560}.Debug|Any CPU.Build.0 = Debug|Any CPU
		{DF0F888F-70D0-4690-BFED-67259413E560}.Release|Any CPU.ActiveCfg = Release|Any CPU
		{DF0F888F-70D0-4690-BFED-67259413E560}.Release|Any CPU.Build.0 = Release|Any CPU
		{7284E927-5629-454B-95BF-ABF14B38527C}.Debug|Any CPU.ActiveCfg = Debug|Any CPU
		{7284E927-5629-454B-95BF-ABF14B38527C}.Debug|Any CPU.Build.0 = Debug|Any CPU
		{7284E927-5629-454B-95BF-ABF14B38527C}.Release|Any CPU.ActiveCfg = Release|Any CPU
		{7284E927-5629-454B-95BF-ABF14B38527C}.Release|Any CPU.Build.0 = Release|Any CPU
	EndGlobalSection
	GlobalSection(NestedProjects) = preSolution
		{DF0F888F-70D0-4690-BFED-67259413E560} = {DEB4F650-2277-46C3-B266-2E22EAC61C38}
		{7284E927-5629-454B-95BF-ABF14B38527C} = {F4098CF3-BAEA-4591-BC9E-60EE8D11DAC2}
	EndGlobalSection
EndGlobal
